// !$*UTF8*$!
{
	archiveVersion = 1;
	classes = {
	};
	objectVersion = 50;
	objects = {

/* Begin PBXBuildFile section */
		AA0A1069239AD84E002B241D /* AppDelegate.swift in Sources */ = {isa = PBXBuildFile; fileRef = AA0A1068239AD84E002B241D /* AppDelegate.swift */; };
		AA0A106B239AD84E002B241D /* SceneDelegate.swift in Sources */ = {isa = PBXBuildFile; fileRef = AA0A106A239AD84E002B241D /* SceneDelegate.swift */; };
		AA0A106D239AD84E002B241D /* ViewController.swift in Sources */ = {isa = PBXBuildFile; fileRef = AA0A106C239AD84E002B241D /* ViewController.swift */; };
		AA0A1070239AD84E002B241D /* Main.storyboard in Resources */ = {isa = PBXBuildFile; fileRef = AA0A106E239AD84E002B241D /* Main.storyboard */; };
		AA0A1072239AD84F002B241D /* Assets.xcassets in Resources */ = {isa = PBXBuildFile; fileRef = AA0A1071239AD84F002B241D /* Assets.xcassets */; };
		AA0A1075239AD84F002B241D /* LaunchScreen.storyboard in Resources */ = {isa = PBXBuildFile; fileRef = AA0A1073239AD84F002B241D /* LaunchScreen.storyboard */; };
		AA0A107D239AD8BC002B241D /* Designable.swift in Sources */ = {isa = PBXBuildFile; fileRef = AA0A107C239AD8BC002B241D /* Designable.swift */; };
		AA0A107F239AEAE2002B241D /* API.swift in Sources */ = {isa = PBXBuildFile; fileRef = AA0A107E239AEAE2002B241D /* API.swift */; };
		AA0A1081239AEB51002B241D /* SwiftyJSON.swift in Sources */ = {isa = PBXBuildFile; fileRef = AA0A1080239AEB51002B241D /* SwiftyJSON.swift */; };
		AA0A1083239AF0E6002B241D /* DateExtension.swift in Sources */ = {isa = PBXBuildFile; fileRef = AA0A1082239AF0E6002B241D /* DateExtension.swift */; };
		AAE57BA2239B6C9F00C768F9 /* CitiesViewController.swift in Sources */ = {isa = PBXBuildFile; fileRef = AAE57BA1239B6C9F00C768F9 /* CitiesViewController.swift */; };
		AAE57BA8239B724400C768F9 /* UIControl+Tactile.swift in Sources */ = {isa = PBXBuildFile; fileRef = AAE57BA4239B724400C768F9 /* UIControl+Tactile.swift */; };
		AAE57BA9239B724400C768F9 /* Utilities+Tactile.swift in Sources */ = {isa = PBXBuildFile; fileRef = AAE57BA5239B724400C768F9 /* Utilities+Tactile.swift */; };
		AAE57BAA239B724400C768F9 /* UIView+Tactile.swift in Sources */ = {isa = PBXBuildFile; fileRef = AAE57BA6239B724400C768F9 /* UIView+Tactile.swift */; };
		AAE57BAB239B724400C768F9 /* Tactile.swift in Sources */ = {isa = PBXBuildFile; fileRef = AAE57BA7239B724400C768F9 /* Tactile.swift */; };
/* End PBXBuildFile section */

/* Begin PBXFileReference section */
		AA0A1065239AD84E002B241D /* Jawwi.app */ = {isa = PBXFileReference; explicitFileType = wrapper.application; includeInIndex = 0; path = Jawwi.app; sourceTree = BUILT_PRODUCTS_DIR; };
		AA0A1068239AD84E002B241D /* AppDelegate.swift */ = {isa = PBXFileReference; lastKnownFileType = sourcecode.swift; path = AppDelegate.swift; sourceTree = "<group>"; };
		AA0A106A239AD84E002B241D /* SceneDelegate.swift */ = {isa = PBXFileReference; lastKnownFileType = sourcecode.swift; path = SceneDelegate.swift; sourceTree = "<group>"; };
		AA0A106C239AD84E002B241D /* ViewController.swift */ = {isa = PBXFileReference; lastKnownFileType = sourcecode.swift; path = ViewController.swift; sourceTree = "<group>"; };
		AA0A106F239AD84E002B241D /* Base */ = {isa = PBXFileReference; lastKnownFileType = file.storyboard; name = Base; path = Base.lproj/Main.storyboard; sourceTree = "<group>"; };
		AA0A1071239AD84F002B241D /* Assets.xcassets */ = {isa = PBXFileReference; lastKnownFileType = folder.assetcatalog; path = Assets.xcassets; sourceTree = "<group>"; };
		AA0A1074239AD84F002B241D /* Base */ = {isa = PBXFileReference; lastKnownFileType = file.storyboard; name = Base; path = Base.lproj/LaunchScreen.storyboard; sourceTree = "<group>"; };
		AA0A1076239AD84F002B241D /* Info.plist */ = {isa = PBXFileReference; lastKnownFileType = text.plist.xml; path = Info.plist; sourceTree = "<group>"; };
		AA0A107C239AD8BC002B241D /* Designable.swift */ = {isa = PBXFileReference; fileEncoding = 4; lastKnownFileType = sourcecode.swift; path = Designable.swift; sourceTree = "<group>"; };
		AA0A107E239AEAE2002B241D /* API.swift */ = {isa = PBXFileReference; fileEncoding = 4; lastKnownFileType = sourcecode.swift; path = API.swift; sourceTree = "<group>"; };
		AA0A1080239AEB51002B241D /* SwiftyJSON.swift */ = {isa = PBXFileReference; fileEncoding = 4; lastKnownFileType = sourcecode.swift; path = SwiftyJSON.swift; sourceTree = "<group>"; };
		AA0A1082239AF0E6002B241D /* DateExtension.swift */ = {isa = PBXFileReference; fileEncoding = 4; lastKnownFileType = sourcecode.swift; path = DateExtension.swift; sourceTree = "<group>"; };
		AAE57BA1239B6C9F00C768F9 /* CitiesViewController.swift */ = {isa = PBXFileReference; lastKnownFileType = sourcecode.swift; path = CitiesViewController.swift; sourceTree = "<group>"; };
		AAE57BA4239B724400C768F9 /* UIControl+Tactile.swift */ = {isa = PBXFileReference; fileEncoding = 4; lastKnownFileType = sourcecode.swift; path = "UIControl+Tactile.swift"; sourceTree = "<group>"; };
		AAE57BA5239B724400C768F9 /* Utilities+Tactile.swift */ = {isa = PBXFileReference; fileEncoding = 4; lastKnownFileType = sourcecode.swift; path = "Utilities+Tactile.swift"; sourceTree = "<group>"; };
		AAE57BA6239B724400C768F9 /* UIView+Tactile.swift */ = {isa = PBXFileReference; fileEncoding = 4; lastKnownFileType = sourcecode.swift; path = "UIView+Tactile.swift"; sourceTree = "<group>"; };
		AAE57BA7239B724400C768F9 /* Tactile.swift */ = {isa = PBXFileReference; fileEncoding = 4; lastKnownFileType = sourcecode.swift; path = Tactile.swift; sourceTree = "<group>"; };
/* End PBXFileReference section */

/* Begin PBXFrameworksBuildPhase section */
		AA0A1062239AD84E002B241D /* Frameworks */ = {
			isa = PBXFrameworksBuildPhase;
			buildActionMask = 2147483647;
			files = (
			);
			runOnlyForDeploymentPostprocessing = 0;
		};
/* End PBXFrameworksBuildPhase section */

/* Begin PBXGroup section */
		AA0A105C239AD84E002B241D = {
			isa = PBXGroup;
			children = (
				AA0A1067239AD84E002B241D /* Jawwi */,
				AA0A1066239AD84E002B241D /* Products */,
			);
			sourceTree = "<group>";
		};
		AA0A1066239AD84E002B241D /* Products */ = {
			isa = PBXGroup;
			children = (
				AA0A1065239AD84E002B241D /* Jawwi.app */,
			);
			name = Products;
			sourceTree = "<group>";
		};
		AA0A1067239AD84E002B241D /* Jawwi */ = {
			isa = PBXGroup;
			children = (
				AA0A1068239AD84E002B241D /* AppDelegate.swift */,
				AA0A106A239AD84E002B241D /* SceneDelegate.swift */,
				AA0A106C239AD84E002B241D /* ViewController.swift */,
				AA0A106E239AD84E002B241D /* Main.storyboard */,
				AA0A1071239AD84F002B241D /* Assets.xcassets */,
				AA0A1073239AD84F002B241D /* LaunchScreen.storyboard */,
				AA0A107C239AD8BC002B241D /* Designable.swift */,
				AA0A107E239AEAE2002B241D /* API.swift */,
				AA0A1080239AEB51002B241D /* SwiftyJSON.swift */,
				AA0A1082239AF0E6002B241D /* DateExtension.swift */,
				AA0A1076239AD84F002B241D /* Info.plist */,
				AAE57BA3239B724400C768F9 /* Tactile */,
				AAE57BA1239B6C9F00C768F9 /* CitiesViewController.swift */,
			);
			path = Jawwi;
			sourceTree = "<group>";
		};
		AAE57BA3239B724400C768F9 /* Tactile */ = {
			isa = PBXGroup;
			children = (
				AAE57BA4239B724400C768F9 /* UIControl+Tactile.swift */,
				AAE57BA5239B724400C768F9 /* Utilities+Tactile.swift */,
				AAE57BA6239B724400C768F9 /* UIView+Tactile.swift */,
				AAE57BA7239B724400C768F9 /* Tactile.swift */,
			);
			path = Tactile;
			sourceTree = "<group>";
		};
/* End PBXGroup section */

/* Begin PBXNativeTarget section */
		AA0A1064239AD84E002B241D /* Jawwi */ = {
			isa = PBXNativeTarget;
			buildConfigurationList = AA0A1079239AD84F002B241D /* Build configuration list for PBXNativeTarget "Jawwi" */;
			buildPhases = (
				AA0A1061239AD84E002B241D /* Sources */,
				AA0A1062239AD84E002B241D /* Frameworks */,
				AA0A1063239AD84E002B241D /* Resources */,
			);
			buildRules = (
			);
			dependencies = (
			);
			name = Jawwi;
			productName = Jawwi;
			productReference = AA0A1065239AD84E002B241D /* Jawwi.app */;
			productType = "com.apple.product-type.application";
		};
/* End PBXNativeTarget section */

/* Begin PBXProject section */
		AA0A105D239AD84E002B241D /* Project object */ = {
			isa = PBXProject;
			attributes = {
				LastSwiftUpdateCheck = 1110;
				LastUpgradeCheck = 1110;
				ORGANIZATIONNAME = "Forat Bahrani";
				TargetAttributes = {
					AA0A1064239AD84E002B241D = {
						CreatedOnToolsVersion = 11.1;
					};
				};
			};
			buildConfigurationList = AA0A1060239AD84E002B241D /* Build configuration list for PBXProject "Jawwi" */;
			compatibilityVersion = "Xcode 9.3";
			developmentRegion = en;
			hasScannedForEncodings = 0;
			knownRegions = (
				en,
				Base,
			);
			mainGroup = AA0A105C239AD84E002B241D;
			productRefGroup = AA0A1066239AD84E002B241D /* Products */;
			projectDirPath = "";
			projectRoot = "";
			targets = (
				AA0A1064239AD84E002B241D /* Jawwi */,
			);
		};
/* End PBXProject section */

/* Begin PBXResourcesBuildPhase section */
		AA0A1063239AD84E002B241D /* Resources */ = {
			isa = PBXResourcesBuildPhase;
			buildActionMask = 2147483647;
			files = (
				AA0A1075239AD84F002B241D /* LaunchScreen.storyboard in Resources */,
				AA0A1072239AD84F002B241D /* Assets.xcassets in Resources */,
				AA0A1070239AD84E002B241D /* Main.storyboard in Resources */,
			);
			runOnlyForDeploymentPostprocessing = 0;
		};
/* End PBXResourcesBuildPhase section */

/* Begin PBXSourcesBuildPhase section */
		AA0A1061239AD84E002B241D /* Sources */ = {
			isa = PBXSourcesBuildPhase;
			buildActionMask = 2147483647;
			files = (
				AA0A106D239AD84E002B241D /* ViewController.swift in Sources */,
				AAE57BA9239B724400C768F9 /* Utilities+Tactile.swift in Sources */,
				AAE57BAA239B724400C768F9 /* UIView+Tactile.swift in Sources */,
				AA0A1083239AF0E6002B241D /* DateExtension.swift in Sources */,
				AA0A107D239AD8BC002B241D /* Designable.swift in Sources */,
				AA0A1069239AD84E002B241D /* AppDelegate.swift in Sources */,
				AAE57BAB239B724400C768F9 /* Tactile.swift in Sources */,
				AAE57BA8239B724400C768F9 /* UIControl+Tactile.swift in Sources */,
				AA0A1081239AEB51002B241D /* SwiftyJSON.swift in Sources */,
				AAE57BA2239B6C9F00C768F9 /* CitiesViewController.swift in Sources */,
				AA0A106B239AD84E002B241D /* SceneDelegate.swift in Sources */,
				AA0A107F239AEAE2002B241D /* API.swift in Sources */,
			);
			runOnlyForDeploymentPostprocessing = 0;
		};
/* End PBXSourcesBuildPhase section */

/* Begin PBXVariantGroup section */
		AA0A106E239AD84E002B241D /* Main.storyboard */ = {
			isa = PBXVariantGroup;
			children = (
				AA0A106F239AD84E002B241D /* Base */,
			);
			name = Main.storyboard;
			sourceTree = "<group>";
		};
		AA0A1073239AD84F002B241D /* LaunchScreen.storyboard */ = {
			isa = PBXVariantGroup;
			children = (
				AA0A1074239AD84F002B241D /* Base */,
			);
			name = LaunchScreen.storyboard;
			sourceTree = "<group>";
		};
/* End PBXVariantGroup section */

/* Begin XCBuildConfiguration section */
		AA0A1077239AD84F002B241D /* Debug */ = {
			isa = XCBuildConfiguration;
			buildSettings = {
				ALWAYS_SEARCH_USER_PATHS = NO;
				CLANG_ANALYZER_NONNULL = YES;
				CLANG_ANALYZER_NUMBER_OBJECT_CONVERSION = YES_AGGRESSIVE;
				CLANG_CXX_LANGUAGE_STANDARD = "gnu++14";
				CLANG_CXX_LIBRARY = "libc++";
				CLANG_ENABLE_MODULES = YES;
				CLANG_ENABLE_OBJC_ARC = YES;
				CLANG_ENABLE_OBJC_WEAK = YES;
				CLANG_WARN_BLOCK_CAPTURE_AUTORELEASING = YES;
				CLANG_WARN_BOOL_CONVERSION = YES;
				CLANG_WARN_COMMA = YES;
				CLANG_WARN_CONSTANT_CONVERSION = YES;
				CLANG_WARN_DEPRECATED_OBJC_IMPLEMENTATIONS = YES;
				CLANG_WARN_DIRECT_OBJC_ISA_USAGE = YES_ERROR;
				CLANG_WARN_DOCUMENTATION_COMMENTS = YES;
				CLANG_WARN_EMPTY_BODY = YES;
				CLANG_WARN_ENUM_CONVERSION = YES;
				CLANG_WARN_INFINITE_RECURSION = YES;
				CLANG_WARN_INT_CONVERSION = YES;
				CLANG_WARN_NON_LITERAL_NULL_CONVERSION = YES;
				CLANG_WARN_OBJC_IMPLICIT_RETAIN_SELF = YES;
				CLANG_WARN_OBJC_LITERAL_CONVERSION = YES;
				CLANG_WARN_OBJC_ROOT_CLASS = YES_ERROR;
				CLANG_WARN_RANGE_LOOP_ANALYSIS = YES;
				CLANG_WARN_STRICT_PROTOTYPES = YES;
				CLANG_WARN_SUSPICIOUS_MOVE = YES;
				CLANG_WARN_UNGUARDED_AVAILABILITY = YES_AGGRESSIVE;
				CLANG_WARN_UNREACHABLE_CODE = YES;
				CLANG_WARN__DUPLICATE_METHOD_MATCH = YES;
				COPY_PHASE_STRIP = NO;
				DEBUG_INFORMATION_FORMAT = dwarf;
				ENABLE_STRICT_OBJC_MSGSEND = YES;
				ENABLE_TESTABILITY = YES;
				GCC_C_LANGUAGE_STANDARD = gnu11;
				GCC_DYNAMIC_NO_PIC = NO;
				GCC_NO_COMMON_BLOCKS = YES;
				GCC_OPTIMIZATION_LEVEL = 0;
				GCC_PREPROCESSOR_DEFINITIONS = (
					"DEBUG=1",
					"$(inherited)",
				);
				GCC_WARN_64_TO_32_BIT_CONVERSION = YES;
				GCC_WARN_ABOUT_RETURN_TYPE = YES_ERROR;
				GCC_WARN_UNDECLARED_SELECTOR = YES;
				GCC_WARN_UNINITIALIZED_AUTOS = YES_AGGRESSIVE;
				GCC_WARN_UNUSED_FUNCTION = YES;
				GCC_WARN_UNUSED_VARIABLE = YES;
				IPHONEOS_DEPLOYMENT_TARGET = 13.1;
				MTL_ENABLE_DEBUG_INFO = INCLUDE_SOURCE;
				MTL_FAST_MATH = YES;
				ONLY_ACTIVE_ARCH = YES;
				SDKROOT = iphoneos;
				SWIFT_ACTIVE_COMPILATION_CONDITIONS = DEBUG;
				SWIFT_OPTIMIZATION_LEVEL = "-Onone";
			};
			name = Debug;
		};
		AA0A1078239AD84F002B241D /* Release */ = {
			isa = XCBuildConfiguration;
			buildSettings = {
				ALWAYS_SEARCH_USER_PATHS = NO;
				CLANG_ANALYZER_NONNULL = YES;
				CLANG_ANALYZER_NUMBER_OBJECT_CONVERSION = YES_AGGRESSIVE;
				CLANG_CXX_LANGUAGE_STANDARD = "gnu++14";
				CLANG_CXX_LIBRARY = "libc++";
				CLANG_ENABLE_MODULES = YES;
				CLANG_ENABLE_OBJC_ARC = YES;
				CLANG_ENABLE_OBJC_WEAK = YES;
				CLANG_WARN_BLOCK_CAPTURE_AUTORELEASING = YES;
				CLANG_WARN_BOOL_CONVERSION = YES;
				CLANG_WARN_COMMA = YES;
				CLANG_WARN_CONSTANT_CONVERSION = YES;
				CLANG_WARN_DEPRECATED_OBJC_IMPLEMENTATIONS = YES;
				CLANG_WARN_DIRECT_OBJC_ISA_USAGE = YES_ERROR;
				CLANG_WARN_DOCUMENTATION_COMMENTS = YES;
				CLANG_WARN_EMPTY_BODY = YES;
				CLANG_WARN_ENUM_CONVERSION = YES;
				CLANG_WARN_INFINITE_RECURSION = YES;
				CLANG_WARN_INT_CONVERSION = YES;
				CLANG_WARN_NON_LITERAL_NULL_CONVERSION = YES;
				CLANG_WARN_OBJC_IMPLICIT_RETAIN_SELF = YES;
				CLANG_WARN_OBJC_LITERAL_CONVERSION = YES;
				CLANG_WARN_OBJC_ROOT_CLASS = YES_ERROR;
				CLANG_WARN_RANGE_LOOP_ANALYSIS = YES;
				CLANG_WARN_STRICT_PROTOTYPES = YES;
				CLANG_WARN_SUSPICIOUS_MOVE = YES;
				CLANG_WARN_UNGUARDED_AVAILABILITY = YES_AGGRESSIVE;
				CLANG_WARN_UNREACHABLE_CODE = YES;
				CLANG_WARN__DUPLICATE_METHOD_MATCH = YES;
				COPY_PHASE_STRIP = NO;
				DEBUG_INFORMATION_FORMAT = "dwarf-with-dsym";
				ENABLE_NS_ASSERTIONS = NO;
				ENABLE_STRICT_OBJC_MSGSEND = YES;
				GCC_C_LANGUAGE_STANDARD = gnu11;
				GCC_NO_COMMON_BLOCKS = YES;
				GCC_WARN_64_TO_32_BIT_CONVERSION = YES;
				GCC_WARN_ABOUT_RETURN_TYPE = YES_ERROR;
				GCC_WARN_UNDECLARED_SELECTOR = YES;
				GCC_WARN_UNINITIALIZED_AUTOS = YES_AGGRESSIVE;
				GCC_WARN_UNUSED_FUNCTION = YES;
				GCC_WARN_UNUSED_VARIABLE = YES;
				IPHONEOS_DEPLOYMENT_TARGET = 13.1;
				MTL_ENABLE_DEBUG_INFO = NO;
				MTL_FAST_MATH = YES;
				SDKROOT = iphoneos;
				SWIFT_COMPILATION_MODE = wholemodule;
				SWIFT_OPTIMIZATION_LEVEL = "-O";
				VALIDATE_PRODUCT = YES;
			};
			name = Release;
		};
		AA0A107A239AD84F002B241D /* Debug */ = {
			isa = XCBuildConfiguration;
			buildSettings = {
				ASSETCATALOG_COMPILER_APPICON_NAME = AppIcon;
				CODE_SIGN_STYLE = Automatic;
				DEVELOPMENT_TEAM = PQWVQZZ2WR;
				INFOPLIST_FILE = Jawwi/Info.plist;
				LD_RUNPATH_SEARCH_PATHS = (
					"$(inherited)",
					"@executable_path/Frameworks",
				);
				PRODUCT_BUNDLE_IDENTIFIER = com.foratbahrani.hackathon.Jawwi;
				PRODUCT_NAME = "$(TARGET_NAME)";
				SWIFT_VERSION = 5.0;
				TARGETED_DEVICE_FAMILY = "1,2";
			};
			name = Debug;
		};
		AA0A107B239AD84F002B241D /* Release */ = {
			isa = XCBuildConfiguration;
			buildSettings = {
				ASSETCATALOG_COMPILER_APPICON_NAME = AppIcon;
				CODE_SIGN_STYLE = Automatic;
				DEVELOPMENT_TEAM = PQWVQZZ2WR;
				INFOPLIST_FILE = Jawwi/Info.plist;
				LD_RUNPATH_SEARCH_PATHS = (
					"$(inherited)",
					"@executable_path/Frameworks",
				);
				PRODUCT_BUNDLE_IDENTIFIER = com.foratbahrani.hackathon.Jawwi;
				PRODUCT_NAME = "$(TARGET_NAME)";
				SWIFT_VERSION = 5.0;
				TARGETED_DEVICE_FAMILY = "1,2";
			};
			name = Release;
		};
/* End XCBuildConfiguration section */

/* Begin XCConfigurationList section */
		AA0A1060239AD84E002B241D /* Build configuration list for PBXProject "Jawwi" */ = {
			isa = XCConfigurationList;
			buildConfigurations = (
				AA0A1077239AD84F002B241D /* Debug */,
				AA0A1078239AD84F002B241D /* Release */,
			);
			defaultConfigurationIsVisible = 0;
			defaultConfigurationName = Release;
		};
		AA0A1079239AD84F002B241D /* Build configuration list for PBXNativeTarget "Jawwi" */ = {
			isa = XCConfigurationList;
			buildConfigurations = (
				AA0A107A239AD84F002B241D /* Debug */,
				AA0A107B239AD84F002B241D /* Release */,
			);
			defaultConfigurationIsVisible = 0;
			defaultConfigurationName = Release;
		};
/* End XCConfigurationList section */
	};
	rootObject = AA0A105D239AD84E002B241D /* Project object */;
}
